
Microsoft Visual Studio Solution File, Format Version 12.00
# Visual Studio Version 16
VisualStudioVersion = 16.0.29409.12
MinimumVisualStudioVersion = 10.0.40219.1
Project("{FAE04EC0-301F-11D3-BF4B-00C04F79EFBC}") = "MathGame", "MathGame.csproj", "{D8BB3005-5E8E-48F4-A4DF-ED8F92E0178B}"
EndProject
Global
	GlobalSection(SolutionConfigurationPlatforms) = preSolution
		Debug|Any CPU = Debug|Any CPU
		Release|Any CPU = Release|Any CPU
	EndGlobalSection
	GlobalSection(ProjectConfigurationPlatforms) = postSolution
		{D8BB3005-5E8E-48F4-A4DF-ED8F92E0178B}.Debug|Any CPU.ActiveCfg = Debug|Any CPU
		{D8BB3005-5E8E-48F4-A4DF-ED8F92E0178B}.Debug|Any CPU.Build.0 = Debug|Any CPU
		{D8BB3005-5E8E-48F4-A4DF-ED8F92E0178B}.Release|Any CPU.ActiveCfg = Release|Any CPU
		{D8BB3005-5E8E-48F4-A4DF-ED8F92E0178B}.Release|Any CPU.Build.0 = Release|Any CPU
	EndGlobalSection
	GlobalSection(SolutionProperties) = preSolution
		HideSolutionNode = FALSE
	EndGlobalSection
	GlobalSection(ExtensibilityGlobals) = postSolution
		SolutionGuid = {7EFDA2B8-DA5D-4898-A892-3405D6260328}
	EndGlobalSection
EndGlobal
